
Microsoft Visual Studio Solution File, Format Version 12.00
# Visual Studio Version 16
VisualStudioVersion = 16.0.30503.244
MinimumVisualStudioVersion = 10.0.40219.1
Project("{FAE04EC0-301F-11D3-BF4B-00C04F79EFBC}") = "Hydrometeorological-Geolocation-WebAssembly.Server", "Server\Hydrometeorological-Geolocation-WebAssembly.Server.csproj", "{EC6A3FA8-9A63-4EF5-8A7C-BBF18DF56F58}"
EndProject
Project("{FAE04EC0-301F-11D3-BF4B-00C04F79EFBC}") = "Hydrometeorological-Geolocation-WebAssembly.Client", "Client\Hydrometeorological-Geolocation-WebAssembly.Client.csproj", "{EB3A777C-818A-4D9F-A9F2-5DBE819FD16F}"
EndProject
Project("{FAE04EC0-301F-11D3-BF4B-00C04F79EFBC}") = "Hydrometeorological-Geolocation-WebAssembly.Shared", "Shared\Hydrometeorological-Geolocation-WebAssembly.Shared.csproj", "{81F6BFF4-924B-4E0B-937E-7E0B34054E2C}"
EndProject
Global
	GlobalSection(SolutionConfigurationPlatforms) = preSolution
		Debug|Any CPU = Debug|Any CPU
		Release|Any CPU = Release|Any CPU
	EndGlobalSection
	GlobalSection(ProjectConfigurationPlatforms) = postSolution
		{EC6A3FA8-9A63-4EF5-8A7C-BBF18DF56F58}.Debug|Any CPU.ActiveCfg = Debug|Any CPU
		{EC6A3FA8-9A63-4EF5-8A7C-BBF18DF56F58}.Debug|Any CPU.Build.0 = Debug|Any CPU
		{EC6A3FA8-9A63-4EF5-8A7C-BBF18DF56F58}.Release|Any CPU.ActiveCfg = Release|Any CPU
		{EC6A3FA8-9A63-4EF5-8A7C-BBF18DF56F58}.Release|Any CPU.Build.0 = Release|Any CPU
		{EB3A777C-818A-4D9F-A9F2-5DBE819FD16F}.Debug|Any CPU.ActiveCfg = Debug|Any CPU
		{EB3A777C-818A-4D9F-A9F2-5DBE819FD16F}.Debug|Any CPU.Build.0 = Debug|Any CPU
		{EB3A777C-818A-4D9F-A9F2-5DBE819FD16F}.Release|Any CPU.ActiveCfg = Release|Any CPU
		{EB3A777C-818A-4D9F-A9F2-5DBE819FD16F}.Release|Any CPU.Build.0 = Release|Any CPU
		{81F6BFF4-924B-4E0B-937E-7E0B34054E2C}.Debug|Any CPU.ActiveCfg = Debug|Any CPU
		{81F6BFF4-924B-4E0B-937E-7E0B34054E2C}.Debug|Any CPU.Build.0 = Debug|Any CPU
		{81F6BFF4-924B-4E0B-937E-7E0B34054E2C}.Release|Any CPU.ActiveCfg = Release|Any CPU
		{81F6BFF4-924B-4E0B-937E-7E0B34054E2C}.Release|Any CPU.Build.0 = Release|Any CPU
	EndGlobalSection
	GlobalSection(SolutionProperties) = preSolution
		HideSolutionNode = FALSE
	EndGlobalSection
	GlobalSection(ExtensibilityGlobals) = postSolution
		SolutionGuid = {16433C27-B32F-40DD-B9EE-0A45FD7A356F}
	EndGlobalSection
EndGlobal
